{
  "name": "paws-and-claws-landing",
  "version": "1.0.2",
  "lockfileVersion": 3,
  "requires": true,
  "packages": {
    "": {
      "name": "paws-and-claws-landing",
      "version": "1.0.2",
      "license": "MIT",
      "dependencies": {
        "paws-and-claws-landing": "^1.0.0"
      }
    },
    "node_modules/paws-and-claws-landing": {
      "version": "1.0.0",
      "resolved": "https://registry.npmjs.org/paws-and-claws-landing/-/paws-and-claws-landing-1.0.0.tgz",
      "integrity": "sha512-9TsyNkyahEnEllx5ywVDISL+7Q7ys3+BpbiVsasTOkCKOyf3l7MJunCHuhtPfpScSwdhx8hUw9km6zH8acfZLw==",
      "license": "MIT"
    }
  }
}
